// !$*UTF8*$!
{
	archiveVersion = 1;
	classes = {
	};
	objectVersion = 50;
	objects = {

/* Begin PBXBuildFile section */
		1B6FBB48249D19A1000A2978 /* PageControl.swift in Sources */ = {isa = PBXBuildFile; fileRef = 1B6FBB47249D19A1000A2978 /* PageControl.swift */; };
		1B6FBB4C249D1A7A000A2978 /* CardView.swift in Sources */ = {isa = PBXBuildFile; fileRef = 1B6FBB4B249D1A7A000A2978 /* CardView.swift */; };
		1B6FBB4F249D1B85000A2978 /* CardModels.swift in Sources */ = {isa = PBXBuildFile; fileRef = 1B6FBB4E249D1B85000A2978 /* CardModels.swift */; };
		1B6FBB54249D1C5F000A2978 /* HomeViewModel.swift in Sources */ = {isa = PBXBuildFile; fileRef = 1B6FBB53249D1C5F000A2978 /* HomeViewModel.swift */; };
		1B861A58249EA5A400C372FB /* CarouselView.swift in Sources */ = {isa = PBXBuildFile; fileRef = 1B861A57249EA5A400C372FB /* CarouselView.swift */; };
		1BF06EEC249CB3B9003B7A65 /* AppDelegate.swift in Sources */ = {isa = PBXBuildFile; fileRef = 1BF06EEB249CB3B9003B7A65 /* AppDelegate.swift */; };
		1BF06EEE249CB3B9003B7A65 /* SceneDelegate.swift in Sources */ = {isa = PBXBuildFile; fileRef = 1BF06EED249CB3B9003B7A65 /* SceneDelegate.swift */; };
		1BF06EF0249CB3B9003B7A65 /* HomeView.swift in Sources */ = {isa = PBXBuildFile; fileRef = 1BF06EEF249CB3B9003B7A65 /* HomeView.swift */; };
		1BF06EF2249CB3BC003B7A65 /* Assets.xcassets in Resources */ = {isa = PBXBuildFile; fileRef = 1BF06EF1249CB3BC003B7A65 /* Assets.xcassets */; };
		1BF06EF5249CB3BC003B7A65 /* Preview Assets.xcassets in Resources */ = {isa = PBXBuildFile; fileRef = 1BF06EF4249CB3BC003B7A65 /* Preview Assets.xcassets */; };
		1BF06EF8249CB3BC003B7A65 /* LaunchScreen.storyboard in Resources */ = {isa = PBXBuildFile; fileRef = 1BF06EF6249CB3BC003B7A65 /* LaunchScreen.storyboard */; };
		1BF06F03249CB3BC003B7A65 /* NavigationSwiftUITests.swift in Sources */ = {isa = PBXBuildFile; fileRef = 1BF06F02249CB3BC003B7A65 /* NavigationSwiftUITests.swift */; };
		1BF06F0E249CB3BC003B7A65 /* NavigationSwiftUIUITests.swift in Sources */ = {isa = PBXBuildFile; fileRef = 1BF06F0D249CB3BC003B7A65 /* NavigationSwiftUIUITests.swift */; };
/* End PBXBuildFile section */

/* Begin PBXContainerItemProxy section */
		1BF06EFF249CB3BC003B7A65 /* PBXContainerItemProxy */ = {
			isa = PBXContainerItemProxy;
			containerPortal = 1BF06EE0249CB3B9003B7A65 /* Project object */;
			proxyType = 1;
			remoteGlobalIDString = 1BF06EE7249CB3B9003B7A65;
			remoteInfo = NavigationSwiftUI;
		};
		1BF06F0A249CB3BC003B7A65 /* PBXContainerItemProxy */ = {
			isa = PBXContainerItemProxy;
			containerPortal = 1BF06EE0249CB3B9003B7A65 /* Project object */;
			proxyType = 1;
			remoteGlobalIDString = 1BF06EE7249CB3B9003B7A65;
			remoteInfo = NavigationSwiftUI;
		};
/* End PBXContainerItemProxy section */

/* Begin PBXFileReference section */
		1B6FBB47249D19A1000A2978 /* PageControl.swift */ = {isa = PBXFileReference; lastKnownFileType = sourcecode.swift; path = PageControl.swift; sourceTree = "<group>"; };
		1B6FBB4B249D1A7A000A2978 /* CardView.swift */ = {isa = PBXFileReference; lastKnownFileType = sourcecode.swift; path = CardView.swift; sourceTree = "<group>"; };
		1B6FBB4E249D1B85000A2978 /* CardModels.swift */ = {isa = PBXFileReference; lastKnownFileType = sourcecode.swift; path = CardModels.swift; sourceTree = "<group>"; };
		1B6FBB53249D1C5F000A2978 /* HomeViewModel.swift */ = {isa = PBXFileReference; lastKnownFileType = sourcecode.swift; path = HomeViewModel.swift; sourceTree = "<group>"; };
		1B861A57249EA5A400C372FB /* CarouselView.swift */ = {isa = PBXFileReference; lastKnownFileType = sourcecode.swift; path = CarouselView.swift; sourceTree = "<group>"; };
		1BF06EE8249CB3B9003B7A65 /* NavigationSwiftUI.app */ = {isa = PBXFileReference; explicitFileType = wrapper.application; includeInIndex = 0; path = NavigationSwiftUI.app; sourceTree = BUILT_PRODUCTS_DIR; };
		1BF06EEB249CB3B9003B7A65 /* AppDelegate.swift */ = {isa = PBXFileReference; lastKnownFileType = sourcecode.swift; path = AppDelegate.swift; sourceTree = "<group>"; };
		1BF06EED249CB3B9003B7A65 /* SceneDelegate.swift */ = {isa = PBXFileReference; lastKnownFileType = sourcecode.swift; path = SceneDelegate.swift; sourceTree = "<group>"; };
		1BF06EEF249CB3B9003B7A65 /* HomeView.swift */ = {isa = PBXFileReference; lastKnownFileType = sourcecode.swift; path = HomeView.swift; sourceTree = "<group>"; };
		1BF06EF1249CB3BC003B7A65 /* Assets.xcassets */ = {isa = PBXFileReference; lastKnownFileType = folder.assetcatalog; path = Assets.xcassets; sourceTree = "<group>"; };
		1BF06EF4249CB3BC003B7A65 /* Preview Assets.xcassets */ = {isa = PBXFileReference; lastKnownFileType = folder.assetcatalog; path = "Preview Assets.xcassets"; sourceTree = "<group>"; };
		1BF06EF7249CB3BC003B7A65 /* Base */ = {isa = PBXFileReference; lastKnownFileType = file.storyboard; name = Base; path = Base.lproj/LaunchScreen.storyboard; sourceTree = "<group>"; };
		1BF06EF9249CB3BC003B7A65 /* Info.plist */ = {isa = PBXFileReference; lastKnownFileType = text.plist.xml; path = Info.plist; sourceTree = "<group>"; };
		1BF06EFE249CB3BC003B7A65 /* NavigationSwiftUITests.xctest */ = {isa = PBXFileReference; explicitFileType = wrapper.cfbundle; includeInIndex = 0; path = NavigationSwiftUITests.xctest; sourceTree = BUILT_PRODUCTS_DIR; };
		1BF06F02249CB3BC003B7A65 /* NavigationSwiftUITests.swift */ = {isa = PBXFileReference; lastKnownFileType = sourcecode.swift; path = NavigationSwiftUITests.swift; sourceTree = "<group>"; };
		1BF06F04249CB3BC003B7A65 /* Info.plist */ = {isa = PBXFileReference; lastKnownFileType = text.plist.xml; path = Info.plist; sourceTree = "<group>"; };
		1BF06F09249CB3BC003B7A65 /* NavigationSwiftUIUITests.xctest */ = {isa = PBXFileReference; explicitFileType = wrapper.cfbundle; includeInIndex = 0; path = NavigationSwiftUIUITests.xctest; sourceTree = BUILT_PRODUCTS_DIR; };
		1BF06F0D249CB3BC003B7A65 /* NavigationSwiftUIUITests.swift */ = {isa = PBXFileReference; lastKnownFileType = sourcecode.swift; path = NavigationSwiftUIUITests.swift; sourceTree = "<group>"; };
		1BF06F0F249CB3BC003B7A65 /* Info.plist */ = {isa = PBXFileReference; lastKnownFileType = text.plist.xml; path = Info.plist; sourceTree = "<group>"; };
/* End PBXFileReference section */

/* Begin PBXFrameworksBuildPhase section */
		1BF06EE5249CB3B9003B7A65 /* Frameworks */ = {
			isa = PBXFrameworksBuildPhase;
			buildActionMask = 2147483647;
			files = (
			);
			runOnlyForDeploymentPostprocessing = 0;
		};
		1BF06EFB249CB3BC003B7A65 /* Frameworks */ = {
			isa = PBXFrameworksBuildPhase;
			buildActionMask = 2147483647;
			files = (
			);
			runOnlyForDeploymentPostprocessing = 0;
		};
		1BF06F06249CB3BC003B7A65 /* Frameworks */ = {
			isa = PBXFrameworksBuildPhase;
			buildActionMask = 2147483647;
			files = (
			);
			runOnlyForDeploymentPostprocessing = 0;
		};
/* End PBXFrameworksBuildPhase section */

/* Begin PBXGroup section */
		1B6FBB46249D194F000A2978 /* UIViewRepresentable */ = {
			isa = PBXGroup;
			children = (
				1B6FBB47249D19A1000A2978 /* PageControl.swift */,
			);
			path = UIViewRepresentable;
			sourceTree = "<group>";
		};
		1B6FBB4D249D1B49000A2978 /* Models */ = {
			isa = PBXGroup;
			children = (
				1B6FBB4E249D1B85000A2978 /* CardModels.swift */,
			);
			path = Models;
			sourceTree = "<group>";
		};
		1B6FBB50249D1BE1000A2978 /* Views */ = {
			isa = PBXGroup;
			children = (
				1B6FBB52249D1C3D000A2978 /* Home */,
				1B6FBB51249D1C14000A2978 /* UIComponents */,
			);
			path = Views;
			sourceTree = "<group>";
		};
		1B6FBB51249D1C14000A2978 /* UIComponents */ = {
			isa = PBXGroup;
			children = (
				1B6FBB4B249D1A7A000A2978 /* CardView.swift */,
				1B861A57249EA5A400C372FB /* CarouselView.swift */,
			);
			path = UIComponents;
			sourceTree = "<group>";
		};
		1B6FBB52249D1C3D000A2978 /* Home */ = {
			isa = PBXGroup;
			children = (
				1BF06EEF249CB3B9003B7A65 /* HomeView.swift */,
				1B6FBB53249D1C5F000A2978 /* HomeViewModel.swift */,
			);
			path = Home;
			sourceTree = "<group>";
		};
		1BF06EDF249CB3B9003B7A65 = {
			isa = PBXGroup;
			children = (
				1BF06EEA249CB3B9003B7A65 /* NavigationSwiftUI */,
				1BF06F01249CB3BC003B7A65 /* NavigationSwiftUITests */,
				1BF06F0C249CB3BC003B7A65 /* NavigationSwiftUIUITests */,
				1BF06EE9249CB3B9003B7A65 /* Products */,
			);
			sourceTree = "<group>";
		};
		1BF06EE9249CB3B9003B7A65 /* Products */ = {
			isa = PBXGroup;
			children = (
				1BF06EE8249CB3B9003B7A65 /* NavigationSwiftUI.app */,
				1BF06EFE249CB3BC003B7A65 /* NavigationSwiftUITests.xctest */,
				1BF06F09249CB3BC003B7A65 /* NavigationSwiftUIUITests.xctest */,
			);
			name = Products;
			sourceTree = "<group>";
		};
		1BF06EEA249CB3B9003B7A65 /* NavigationSwiftUI */ = {
			isa = PBXGroup;
			children = (
				1B6FBB50249D1BE1000A2978 /* Views */,
				1B6FBB4D249D1B49000A2978 /* Models */,
				1B6FBB46249D194F000A2978 /* UIViewRepresentable */,
				1BF06EEB249CB3B9003B7A65 /* AppDelegate.swift */,
				1BF06EED249CB3B9003B7A65 /* SceneDelegate.swift */,
				1BF06EF1249CB3BC003B7A65 /* Assets.xcassets */,
				1BF06EF6249CB3BC003B7A65 /* LaunchScreen.storyboard */,
				1BF06EF9249CB3BC003B7A65 /* Info.plist */,
				1BF06EF3249CB3BC003B7A65 /* Preview Content */,
			);
			path = NavigationSwiftUI;
			sourceTree = "<group>";
		};
		1BF06EF3249CB3BC003B7A65 /* Preview Content */ = {
			isa = PBXGroup;
			children = (
				1BF06EF4249CB3BC003B7A65 /* Preview Assets.xcassets */,
			);
			path = "Preview Content";
			sourceTree = "<group>";
		};
		1BF06F01249CB3BC003B7A65 /* NavigationSwiftUITests */ = {
			isa = PBXGroup;
			children = (
				1BF06F02249CB3BC003B7A65 /* NavigationSwiftUITests.swift */,
				1BF06F04249CB3BC003B7A65 /* Info.plist */,
			);
			path = NavigationSwiftUITests;
			sourceTree = "<group>";
		};
		1BF06F0C249CB3BC003B7A65 /* NavigationSwiftUIUITests */ = {
			isa = PBXGroup;
			children = (
				1BF06F0D249CB3BC003B7A65 /* NavigationSwiftUIUITests.swift */,
				1BF06F0F249CB3BC003B7A65 /* Info.plist */,
			);
			path = NavigationSwiftUIUITests;
			sourceTree = "<group>";
		};
/* End PBXGroup section */

/* Begin PBXNativeTarget section */
		1BF06EE7249CB3B9003B7A65 /* NavigationSwiftUI */ = {
			isa = PBXNativeTarget;
			buildConfigurationList = 1BF06F12249CB3BC003B7A65 /* Build configuration list for PBXNativeTarget "NavigationSwiftUI" */;
			buildPhases = (
				1BF06EE4249CB3B9003B7A65 /* Sources */,
				1BF06EE5249CB3B9003B7A65 /* Frameworks */,
				1BF06EE6249CB3B9003B7A65 /* Resources */,
			);
			buildRules = (
			);
			dependencies = (
			);
			name = NavigationSwiftUI;
			productName = NavigationSwiftUI;
			productReference = 1BF06EE8249CB3B9003B7A65 /* NavigationSwiftUI.app */;
			productType = "com.apple.product-type.application";
		};
		1BF06EFD249CB3BC003B7A65 /* NavigationSwiftUITests */ = {
			isa = PBXNativeTarget;
			buildConfigurationList = 1BF06F15249CB3BC003B7A65 /* Build configuration list for PBXNativeTarget "NavigationSwiftUITests" */;
			buildPhases = (
				1BF06EFA249CB3BC003B7A65 /* Sources */,
				1BF06EFB249CB3BC003B7A65 /* Frameworks */,
				1BF06EFC249CB3BC003B7A65 /* Resources */,
			);
			buildRules = (
			);
			dependencies = (
				1BF06F00249CB3BC003B7A65 /* PBXTargetDependency */,
			);
			name = NavigationSwiftUITests;
			productName = NavigationSwiftUITests;
			productReference = 1BF06EFE249CB3BC003B7A65 /* NavigationSwiftUITests.xctest */;
			productType = "com.apple.product-type.bundle.unit-test";
		};
		1BF06F08249CB3BC003B7A65 /* NavigationSwiftUIUITests */ = {
			isa = PBXNativeTarget;
			buildConfigurationList = 1BF06F18249CB3BC003B7A65 /* Build configuration list for PBXNativeTarget "NavigationSwiftUIUITests" */;
			buildPhases = (
				1BF06F05249CB3BC003B7A65 /* Sources */,
				1BF06F06249CB3BC003B7A65 /* Frameworks */,
				1BF06F07249CB3BC003B7A65 /* Resources */,
			);
			buildRules = (
			);
			dependencies = (
				1BF06F0B249CB3BC003B7A65 /* PBXTargetDependency */,
			);
			name = NavigationSwiftUIUITests;
			productName = NavigationSwiftUIUITests;
			productReference = 1BF06F09249CB3BC003B7A65 /* NavigationSwiftUIUITests.xctest */;
			productType = "com.apple.product-type.bundle.ui-testing";
		};
/* End PBXNativeTarget section */

/* Begin PBXProject section */
		1BF06EE0249CB3B9003B7A65 /* Project object */ = {
			isa = PBXProject;
			attributes = {
				LastSwiftUpdateCheck = 1140;
				LastUpgradeCheck = 1140;
				ORGANIZATIONNAME = "Gianmarco Cotellessa";
				TargetAttributes = {
					1BF06EE7249CB3B9003B7A65 = {
						CreatedOnToolsVersion = 11.4.1;
					};
					1BF06EFD249CB3BC003B7A65 = {
						CreatedOnToolsVersion = 11.4.1;
						TestTargetID = 1BF06EE7249CB3B9003B7A65;
					};
					1BF06F08249CB3BC003B7A65 = {
						CreatedOnToolsVersion = 11.4.1;
						TestTargetID = 1BF06EE7249CB3B9003B7A65;
					};
				};
			};
			buildConfigurationList = 1BF06EE3249CB3B9003B7A65 /* Build configuration list for PBXProject "NavigationSwiftUI" */;
			compatibilityVersion = "Xcode 9.3";
			developmentRegion = en;
			hasScannedForEncodings = 0;
			knownRegions = (
				en,
				Base,
			);
			mainGroup = 1BF06EDF249CB3B9003B7A65;
			productRefGroup = 1BF06EE9249CB3B9003B7A65 /* Products */;
			projectDirPath = "";
			projectRoot = "";
			targets = (
				1BF06EE7249CB3B9003B7A65 /* NavigationSwiftUI */,
				1BF06EFD249CB3BC003B7A65 /* NavigationSwiftUITests */,
				1BF06F08249CB3BC003B7A65 /* NavigationSwiftUIUITests */,
			);
		};
/* End PBXProject section */

/* Begin PBXResourcesBuildPhase section */
		1BF06EE6249CB3B9003B7A65 /* Resources */ = {
			isa = PBXResourcesBuildPhase;
			buildActionMask = 2147483647;
			files = (
				1BF06EF8249CB3BC003B7A65 /* LaunchScreen.storyboard in Resources */,
				1BF06EF5249CB3BC003B7A65 /* Preview Assets.xcassets in Resources */,
				1BF06EF2249CB3BC003B7A65 /* Assets.xcassets in Resources */,
			);
			runOnlyForDeploymentPostprocessing = 0;
		};
		1BF06EFC249CB3BC003B7A65 /* Resources */ = {
			isa = PBXResourcesBuildPhase;
			buildActionMask = 2147483647;
			files = (
			);
			runOnlyForDeploymentPostprocessing = 0;
		};
		1BF06F07249CB3BC003B7A65 /* Resources */ = {
			isa = PBXResourcesBuildPhase;
			buildActionMask = 2147483647;
			files = (
			);
			runOnlyForDeploymentPostprocessing = 0;
		};
/* End PBXResourcesBuildPhase section */

/* Begin PBXSourcesBuildPhase section */
		1BF06EE4249CB3B9003B7A65 /* Sources */ = {
			isa = PBXSourcesBuildPhase;
			buildActionMask = 2147483647;
			files = (
				1BF06EEC249CB3B9003B7A65 /* AppDelegate.swift in Sources */,
				1BF06EEE249CB3B9003B7A65 /* SceneDelegate.swift in Sources */,
				1B6FBB48249D19A1000A2978 /* PageControl.swift in Sources */,
				1B6FBB54249D1C5F000A2978 /* HomeViewModel.swift in Sources */,
				1B861A58249EA5A400C372FB /* CarouselView.swift in Sources */,
				1B6FBB4C249D1A7A000A2978 /* CardView.swift in Sources */,
				1B6FBB4F249D1B85000A2978 /* CardModels.swift in Sources */,
				1BF06EF0249CB3B9003B7A65 /* HomeView.swift in Sources */,
			);
			runOnlyForDeploymentPostprocessing = 0;
		};
		1BF06EFA249CB3BC003B7A65 /* Sources */ = {
			isa = PBXSourcesBuildPhase;
			buildActionMask = 2147483647;
			files = (
				1BF06F03249CB3BC003B7A65 /* NavigationSwiftUITests.swift in Sources */,
			);
			runOnlyForDeploymentPostprocessing = 0;
		};
		1BF06F05249CB3BC003B7A65 /* Sources */ = {
			isa = PBXSourcesBuildPhase;
			buildActionMask = 2147483647;
			files = (
				1BF06F0E249CB3BC003B7A65 /* NavigationSwiftUIUITests.swift in Sources */,
			);
			runOnlyForDeploymentPostprocessing = 0;
		};
/* End PBXSourcesBuildPhase section */

/* Begin PBXTargetDependency section */
		1BF06F00249CB3BC003B7A65 /* PBXTargetDependency */ = {
			isa = PBXTargetDependency;
			target = 1BF06EE7249CB3B9003B7A65 /* NavigationSwiftUI */;
			targetProxy = 1BF06EFF249CB3BC003B7A65 /* PBXContainerItemProxy */;
		};
		1BF06F0B249CB3BC003B7A65 /* PBXTargetDependency */ = {
			isa = PBXTargetDependency;
			target = 1BF06EE7249CB3B9003B7A65 /* NavigationSwiftUI */;
			targetProxy = 1BF06F0A249CB3BC003B7A65 /* PBXContainerItemProxy */;
		};
/* End PBXTargetDependency section */

/* Begin PBXVariantGroup section */
		1BF06EF6249CB3BC003B7A65 /* LaunchScreen.storyboard */ = {
			isa = PBXVariantGroup;
			children = (
				1BF06EF7249CB3BC003B7A65 /* Base */,
			);
			name = LaunchScreen.storyboard;
			sourceTree = "<group>";
		};
/* End PBXVariantGroup section */

/* Begin XCBuildConfiguration section */
		1BF06F10249CB3BC003B7A65 /* Debug */ = {
			isa = XCBuildConfiguration;
			buildSettings = {
				ALWAYS_SEARCH_USER_PATHS = NO;
				CLANG_ANALYZER_NONNULL = YES;
				CLANG_ANALYZER_NUMBER_OBJECT_CONVERSION = YES_AGGRESSIVE;
				CLANG_CXX_LANGUAGE_STANDARD = "gnu++14";
				CLANG_CXX_LIBRARY = "libc++";
				CLANG_ENABLE_MODULES = YES;
				CLANG_ENABLE_OBJC_ARC = YES;
				CLANG_ENABLE_OBJC_WEAK = YES;
				CLANG_WARN_BLOCK_CAPTURE_AUTORELEASING = YES;
				CLANG_WARN_BOOL_CONVERSION = YES;
				CLANG_WARN_COMMA = YES;
				CLANG_WARN_CONSTANT_CONVERSION = YES;
				CLANG_WARN_DEPRECATED_OBJC_IMPLEMENTATIONS = YES;
				CLANG_WARN_DIRECT_OBJC_ISA_USAGE = YES_ERROR;
				CLANG_WARN_DOCUMENTATION_COMMENTS = YES;
				CLANG_WARN_EMPTY_BODY = YES;
				CLANG_WARN_ENUM_CONVERSION = YES;
				CLANG_WARN_INFINITE_RECURSION = YES;
				CLANG_WARN_INT_CONVERSION = YES;
				CLANG_WARN_NON_LITERAL_NULL_CONVERSION = YES;
				CLANG_WARN_OBJC_IMPLICIT_RETAIN_SELF = YES;
				CLANG_WARN_OBJC_LITERAL_CONVERSION = YES;
				CLANG_WARN_OBJC_ROOT_CLASS = YES_ERROR;
				CLANG_WARN_RANGE_LOOP_ANALYSIS = YES;
				CLANG_WARN_STRICT_PROTOTYPES = YES;
				CLANG_WARN_SUSPICIOUS_MOVE = YES;
				CLANG_WARN_UNGUARDED_AVAILABILITY = YES_AGGRESSIVE;
				CLANG_WARN_UNREACHABLE_CODE = YES;
				CLANG_WARN__DUPLICATE_METHOD_MATCH = YES;
				COPY_PHASE_STRIP = NO;
				DEBUG_INFORMATION_FORMAT = dwarf;
				ENABLE_STRICT_OBJC_MSGSEND = YES;
				ENABLE_TESTABILITY = YES;
				GCC_C_LANGUAGE_STANDARD = gnu11;
				GCC_DYNAMIC_NO_PIC = NO;
				GCC_NO_COMMON_BLOCKS = YES;
				GCC_OPTIMIZATION_LEVEL = 0;
				GCC_PREPROCESSOR_DEFINITIONS = (
					"DEBUG=1",
					"$(inherited)",
				);
				GCC_WARN_64_TO_32_BIT_CONVERSION = YES;
				GCC_WARN_ABOUT_RETURN_TYPE = YES_ERROR;
				GCC_WARN_UNDECLARED_SELECTOR = YES;
				GCC_WARN_UNINITIALIZED_AUTOS = YES_AGGRESSIVE;
				GCC_WARN_UNUSED_FUNCTION = YES;
				GCC_WARN_UNUSED_VARIABLE = YES;
				IPHONEOS_DEPLOYMENT_TARGET = 13.4;
				MTL_ENABLE_DEBUG_INFO = INCLUDE_SOURCE;
				MTL_FAST_MATH = YES;
				ONLY_ACTIVE_ARCH = YES;
				SDKROOT = iphoneos;
				SWIFT_ACTIVE_COMPILATION_CONDITIONS = DEBUG;
				SWIFT_OPTIMIZATION_LEVEL = "-Onone";
			};
			name = Debug;
		};
		1BF06F11249CB3BC003B7A65 /* Release */ = {
			isa = XCBuildConfiguration;
			buildSettings = {
				ALWAYS_SEARCH_USER_PATHS = NO;
				CLANG_ANALYZER_NONNULL = YES;
				CLANG_ANALYZER_NUMBER_OBJECT_CONVERSION = YES_AGGRESSIVE;
				CLANG_CXX_LANGUAGE_STANDARD = "gnu++14";
				CLANG_CXX_LIBRARY = "libc++";
				CLANG_ENABLE_MODULES = YES;
				CLANG_ENABLE_OBJC_ARC = YES;
				CLANG_ENABLE_OBJC_WEAK = YES;
				CLANG_WARN_BLOCK_CAPTURE_AUTORELEASING = YES;
				CLANG_WARN_BOOL_CONVERSION = YES;
				CLANG_WARN_COMMA = YES;
				CLANG_WARN_CONSTANT_CONVERSION = YES;
				CLANG_WARN_DEPRECATED_OBJC_IMPLEMENTATIONS = YES;
				CLANG_WARN_DIRECT_OBJC_ISA_USAGE = YES_ERROR;
				CLANG_WARN_DOCUMENTATION_COMMENTS = YES;
				CLANG_WARN_EMPTY_BODY = YES;
				CLANG_WARN_ENUM_CONVERSION = YES;
				CLANG_WARN_INFINITE_RECURSION = YES;
				CLANG_WARN_INT_CONVERSION = YES;
				CLANG_WARN_NON_LITERAL_NULL_CONVERSION = YES;
				CLANG_WARN_OBJC_IMPLICIT_RETAIN_SELF = YES;
				CLANG_WARN_OBJC_LITERAL_CONVERSION = YES;
				CLANG_WARN_OBJC_ROOT_CLASS = YES_ERROR;
				CLANG_WARN_RANGE_LOOP_ANALYSIS = YES;
				CLANG_WARN_STRICT_PROTOTYPES = YES;
				CLANG_WARN_SUSPICIOUS_MOVE = YES;
				CLANG_WARN_UNGUARDED_AVAILABILITY = YES_AGGRESSIVE;
				CLANG_WARN_UNREACHABLE_CODE = YES;
				CLANG_WARN__DUPLICATE_METHOD_MATCH = YES;
				COPY_PHASE_STRIP = NO;
				DEBUG_INFORMATION_FORMAT = "dwarf-with-dsym";
				ENABLE_NS_ASSERTIONS = NO;
				ENABLE_STRICT_OBJC_MSGSEND = YES;
				GCC_C_LANGUAGE_STANDARD = gnu11;
				GCC_NO_COMMON_BLOCKS = YES;
				GCC_WARN_64_TO_32_BIT_CONVERSION = YES;
				GCC_WARN_ABOUT_RETURN_TYPE = YES_ERROR;
				GCC_WARN_UNDECLARED_SELECTOR = YES;
				GCC_WARN_UNINITIALIZED_AUTOS = YES_AGGRESSIVE;
				GCC_WARN_UNUSED_FUNCTION = YES;
				GCC_WARN_UNUSED_VARIABLE = YES;
				IPHONEOS_DEPLOYMENT_TARGET = 13.4;
				MTL_ENABLE_DEBUG_INFO = NO;
				MTL_FAST_MATH = YES;
				SDKROOT = iphoneos;
				SWIFT_COMPILATION_MODE = wholemodule;
				SWIFT_OPTIMIZATION_LEVEL = "-O";
				VALIDATE_PRODUCT = YES;
			};
			name = Release;
		};
		1BF06F13249CB3BC003B7A65 /* Debug */ = {
			isa = XCBuildConfiguration;
			buildSettings = {
				ASSETCATALOG_COMPILER_APPICON_NAME = AppIcon;
				CODE_SIGN_STYLE = Automatic;
				DEVELOPMENT_ASSET_PATHS = "\"NavigationSwiftUI/Preview Content\"";
				DEVELOPMENT_TEAM = UMWZTJUDU2;
				ENABLE_PREVIEWS = YES;
				INFOPLIST_FILE = NavigationSwiftUI/Info.plist;
				LD_RUNPATH_SEARCH_PATHS = (
					"$(inherited)",
					"@executable_path/Frameworks",
				);
				PRODUCT_BUNDLE_IDENTIFIER = myCompany.NavigationSwiftUI;
				PRODUCT_NAME = "$(TARGET_NAME)";
				SWIFT_VERSION = 5.0;
				TARGETED_DEVICE_FAMILY = "1,2";
			};
			name = Debug;
		};
		1BF06F14249CB3BC003B7A65 /* Release */ = {
			isa = XCBuildConfiguration;
			buildSettings = {
				ASSETCATALOG_COMPILER_APPICON_NAME = AppIcon;
				CODE_SIGN_STYLE = Automatic;
				DEVELOPMENT_ASSET_PATHS = "\"NavigationSwiftUI/Preview Content\"";
				DEVELOPMENT_TEAM = UMWZTJUDU2;
				ENABLE_PREVIEWS = YES;
				INFOPLIST_FILE = NavigationSwiftUI/Info.plist;
				LD_RUNPATH_SEARCH_PATHS = (
					"$(inherited)",
					"@executable_path/Frameworks",
				);
				PRODUCT_BUNDLE_IDENTIFIER = myCompany.NavigationSwiftUI;
				PRODUCT_NAME = "$(TARGET_NAME)";
				SWIFT_VERSION = 5.0;
				TARGETED_DEVICE_FAMILY = "1,2";
			};
			name = Release;
		};
		1BF06F16249CB3BC003B7A65 /* Debug */ = {
			isa = XCBuildConfiguration;
			buildSettings = {
				ALWAYS_EMBED_SWIFT_STANDARD_LIBRARIES = YES;
				BUNDLE_LOADER = "$(TEST_HOST)";
				CODE_SIGN_STYLE = Automatic;
				DEVELOPMENT_TEAM = RY8P4GJ2VZ;
				INFOPLIST_FILE = NavigationSwiftUITests/Info.plist;
				IPHONEOS_DEPLOYMENT_TARGET = 13.4;
				LD_RUNPATH_SEARCH_PATHS = (
					"$(inherited)",
					"@executable_path/Frameworks",
					"@loader_path/Frameworks",
				);
				PRODUCT_BUNDLE_IDENTIFIER = myCompany.NavigationSwiftUITests;
				PRODUCT_NAME = "$(TARGET_NAME)";
				SWIFT_VERSION = 5.0;
				TARGETED_DEVICE_FAMILY = "1,2";
				TEST_HOST = "$(BUILT_PRODUCTS_DIR)/NavigationSwiftUI.app/NavigationSwiftUI";
			};
			name = Debug;
		};
		1BF06F17249CB3BC003B7A65 /* Release */ = {
			isa = XCBuildConfiguration;
			buildSettings = {
				ALWAYS_EMBED_SWIFT_STANDARD_LIBRARIES = YES;
				BUNDLE_LOADER = "$(TEST_HOST)";
				CODE_SIGN_STYLE = Automatic;
				DEVELOPMENT_TEAM = RY8P4GJ2VZ;
				INFOPLIST_FILE = NavigationSwiftUITests/Info.plist;
				IPHONEOS_DEPLOYMENT_TARGET = 13.4;
				LD_RUNPATH_SEARCH_PATHS = (
					"$(inherited)",
					"@executable_path/Frameworks",
					"@loader_path/Frameworks",
				);
				PRODUCT_BUNDLE_IDENTIFIER = myCompany.NavigationSwiftUITests;
				PRODUCT_NAME = "$(TARGET_NAME)";
				SWIFT_VERSION = 5.0;
				TARGETED_DEVICE_FAMILY = "1,2";
				TEST_HOST = "$(BUILT_PRODUCTS_DIR)/NavigationSwiftUI.app/NavigationSwiftUI";
			};
			name = Release;
		};
		1BF06F19249CB3BC003B7A65 /* Debug */ = {
			isa = XCBuildConfiguration;
			buildSettings = {
				ALWAYS_EMBED_SWIFT_STANDARD_LIBRARIES = YES;
				CODE_SIGN_STYLE = Automatic;
				DEVELOPMENT_TEAM = RY8P4GJ2VZ;
				INFOPLIST_FILE = NavigationSwiftUIUITests/Info.plist;
				LD_RUNPATH_SEARCH_PATHS = (
					"$(inherited)",
					"@executable_path/Frameworks",
					"@loader_path/Frameworks",
				);
				PRODUCT_BUNDLE_IDENTIFIER = myCompany.NavigationSwiftUIUITests;
				PRODUCT_NAME = "$(TARGET_NAME)";
				SWIFT_VERSION = 5.0;
				TARGETED_DEVICE_FAMILY = "1,2";
				TEST_TARGET_NAME = NavigationSwiftUI;
			};
			name = Debug;
		};
		1BF06F1A249CB3BC003B7A65 /* Release */ = {
			isa = XCBuildConfiguration;
			buildSettings = {
				ALWAYS_EMBED_SWIFT_STANDARD_LIBRARIES = YES;
				CODE_SIGN_STYLE = Automatic;
				DEVELOPMENT_TEAM = RY8P4GJ2VZ;
				INFOPLIST_FILE = NavigationSwiftUIUITests/Info.plist;
				LD_RUNPATH_SEARCH_PATHS = (
					"$(inherited)",
					"@executable_path/Frameworks",
					"@loader_path/Frameworks",
				);
				PRODUCT_BUNDLE_IDENTIFIER = myCompany.NavigationSwiftUIUITests;
				PRODUCT_NAME = "$(TARGET_NAME)";
				SWIFT_VERSION = 5.0;
				TARGETED_DEVICE_FAMILY = "1,2";
				TEST_TARGET_NAME = NavigationSwiftUI;
			};
			name = Release;
		};
/* End XCBuildConfiguration section */

/* Begin XCConfigurationList section */
		1BF06EE3249CB3B9003B7A65 /* Build configuration list for PBXProject "NavigationSwiftUI" */ = {
			isa = XCConfigurationList;
			buildConfigurations = (
				1BF06F10249CB3BC003B7A65 /* Debug */,
				1BF06F11249CB3BC003B7A65 /* Release */,
			);
			defaultConfigurationIsVisible = 0;
			defaultConfigurationName = Release;
		};
		1BF06F12249CB3BC003B7A65 /* Build configuration list for PBXNativeTarget "NavigationSwiftUI" */ = {
			isa = XCConfigurationList;
			buildConfigurations = (
				1BF06F13249CB3BC003B7A65 /* Debug */,
				1BF06F14249CB3BC003B7A65 /* Release */,
			);
			defaultConfigurationIsVisible = 0;
			defaultConfigurationName = Release;
		};
		1BF06F15249CB3BC003B7A65 /* Build configuration list for PBXNativeTarget "NavigationSwiftUITests" */ = {
			isa = XCConfigurationList;
			buildConfigurations = (
				1BF06F16249CB3BC003B7A65 /* Debug */,
				1BF06F17249CB3BC003B7A65 /* Release */,
			);
			defaultConfigurationIsVisible = 0;
			defaultConfigurationName = Release;
		};
		1BF06F18249CB3BC003B7A65 /* Build configuration list for PBXNativeTarget "NavigationSwiftUIUITests" */ = {
			isa = XCConfigurationList;
			buildConfigurations = (
				1BF06F19249CB3BC003B7A65 /* Debug */,
				1BF06F1A249CB3BC003B7A65 /* Release */,
			);
			defaultConfigurationIsVisible = 0;
			defaultConfigurationName = Release;
		};
/* End XCConfigurationList section */
	};
	rootObject = 1BF06EE0249CB3B9003B7A65 /* Project object */;
}
